version = 1
requires-python = ">=3.11"

[[package]]
name = "click"
version = "8.2.1"
source = { registry = "https://pypi.org/simple" }
dependencies = [
    { name = "colorama", marker = "platform_system == 'Windows'" },
]
sdist = { url = "https://files.pythonhosted.org/packages/60/6c/8ca2efa64cf75a977a0d7fac081354553ebe483345c734fb6b6515d96bbc/click-8.2.1.tar.gz", hash = "sha256:27c491cc05d968d271d5a1db13e3b5a184636d9d930f148c50b038f0d0646202", size = 286342 }
wheels = [
    { url = "https://files.pythonhosted.org/packages/85/32/10bb5764d90a8eee674e9dc6f4db6a0ab47c8c4d0d83c27f7c39ac415a4d/click-8.2.1-py3-none-any.whl", hash = "sha256:61a3265b914e850b85317d0b3109c7f8cd35a670f963866005d6ef1d5175a12b", size = 102215 },
]

[[package]]
name = "colorama"
version = "0.4.6"
source = { registry = "https://pypi.org/simple" }
sdist = { url = "https://files.pythonhosted.org/packages/d8/53/6f443c9a4a8358a93a6792e2acffb9d9d5cb0a5cfd8802644b7b1c9a02e4/colorama-0.4.6.tar.gz", hash = "sha256:08695f5cb7ed6e0531a20572697297273c47b8cae5a63ffc6d6ed5c201be6e44", size = 27697 }
wheels = [
    { url = "https://files.pythonhosted.org/packages/d1/d6/3965ed04c63042e047cb6a3e6ed1a63a35087b6a609aa3a15ed8ac56c221/colorama-0.4.6-py2.py3-none-any.whl", hash = "sha256:4f1d9991f5acc0ca119f9d443620b77f9d6b33703e51011c16baf57afb285fc6", size = 25335 },
]

[[package]]
name = "grpcio"
version = "1.73.0"
source = { registry = "https://pypi.org/simple" }
sdist = { url = "https://files.pythonhosted.org/packages/8e/7b/ca3f561aeecf0c846d15e1b38921a60dffffd5d4113931198fbf455334ee/grpcio-1.73.0.tar.gz", hash = "sha256:3af4c30918a7f0d39de500d11255f8d9da4f30e94a2033e70fe2a720e184bd8e", size = 12786424 }
wheels = [
    { url = "https://files.pythonhosted.org/packages/dd/31/9de81fd12f7b27e6af403531b7249d76f743d58e0654e624b3df26a43ce2/grpcio-1.73.0-cp311-cp311-linux_armv7l.whl", hash = "sha256:51036f641f171eebe5fa7aaca5abbd6150f0c338dab3a58f9111354240fe36ec", size = 5363773 },
    { url = "https://files.pythonhosted.org/packages/32/9e/2cb78be357a7f1fc4942b81468ef3c7e5fd3df3ac010540459c10895a57b/grpcio-1.73.0-cp311-cp311-macosx_11_0_universal2.whl", hash = "sha256:d12bbb88381ea00bdd92c55aff3da3391fd85bc902c41275c8447b86f036ce0f", size = 10621912 },
    { url = "https://files.pythonhosted.org/packages/59/2f/b43954811a2e218a2761c0813800773ac0ca187b94fd2b8494e8ef232dc8/grpcio-1.73.0-cp311-cp311-manylinux_2_17_aarch64.whl", hash = "sha256:483c507c2328ed0e01bc1adb13d1eada05cc737ec301d8e5a8f4a90f387f1790", size = 5807985 },
    { url = "https://files.pythonhosted.org/packages/1b/bf/68e9f47e7ee349ffee712dcd907ee66826cf044f0dec7ab517421e56e857/grpcio-1.73.0-cp311-cp311-manylinux_2_17_i686.manylinux2014_i686.whl", hash = "sha256:c201a34aa960c962d0ce23fe5f423f97e9d4b518ad605eae6d0a82171809caaa", size = 6448218 },
    { url = "https://files.pythonhosted.org/packages/af/dd/38ae43dd58480d609350cf1411fdac5c2ebb243e2c770f6f7aa3773d5e29/grpcio-1.73.0-cp311-cp311-manylinux_2_17_x86_64.manylinux2014_x86_64.whl", hash = "sha256:859f70c8e435e8e1fa060e04297c6818ffc81ca9ebd4940e180490958229a45a", size = 6044343 },
    { url = "https://files.pythonhosted.org/packages/93/44/b6770b55071adb86481f36dae87d332fcad883b7f560bba9a940394ba018/grpcio-1.73.0-cp311-cp311-musllinux_1_1_aarch64.whl", hash = "sha256:e2459a27c6886e7e687e4e407778425f3c6a971fa17a16420227bda39574d64b", size = 6135858 },
    { url = "https://files.pythonhosted.org/packages/d3/9f/63de49fcef436932fcf0ffb978101a95c83c177058dbfb56dbf30ab81659/grpcio-1.73.0-cp311-cp311-musllinux_1_1_i686.whl", hash = "sha256:e0084d4559ee3dbdcce9395e1bc90fdd0262529b32c417a39ecbc18da8074ac7", size = 6775806 },
    { url = "https://files.pythonhosted.org/packages/4d/67/c11f1953469162e958f09690ec3a9be3fdb29dea7f5661362a664f9d609a/grpcio-1.73.0-cp311-cp311-musllinux_1_1_x86_64.whl", hash = "sha256:ef5fff73d5f724755693a464d444ee0a448c6cdfd3c1616a9223f736c622617d", size = 6308413 },
    { url = "https://files.pythonhosted.org/packages/ba/6a/9dd04426337db07f28bd51a986b7a038ba56912c81b5bb1083c17dd63404/grpcio-1.73.0-cp311-cp311-win32.whl", hash = "sha256:965a16b71a8eeef91fc4df1dc40dc39c344887249174053814f8a8e18449c4c3", size = 3678972 },
    { url = "https://files.pythonhosted.org/packages/04/8b/8c0a8a4fdc2e7977d325eafc587c9cf468039693ac23ad707153231d3cb2/grpcio-1.73.0-cp311-cp311-win_amd64.whl", hash = "sha256:b71a7b4483d1f753bbc11089ff0f6fa63b49c97a9cc20552cded3fcad466d23b", size = 4342967 },
    { url = "https://files.pythonhosted.org/packages/9d/4d/e938f3a0e51a47f2ce7e55f12f19f316e7074770d56a7c2765e782ec76bc/grpcio-1.73.0-cp312-cp312-linux_armv7l.whl", hash = "sha256:fb9d7c27089d9ba3746f18d2109eb530ef2a37452d2ff50f5a6696cd39167d3b", size = 5334911 },
    { url = "https://files.pythonhosted.org/packages/13/56/f09c72c43aa8d6f15a71f2c63ebdfac9cf9314363dea2598dc501d8370db/grpcio-1.73.0-cp312-cp312-macosx_11_0_universal2.whl", hash = "sha256:128ba2ebdac41e41554d492b82c34586a90ebd0766f8ebd72160c0e3a57b9155", size = 10601460 },
    { url = "https://files.pythonhosted.org/packages/20/e3/85496edc81e41b3c44ebefffc7bce133bb531120066877df0f910eabfa19/grpcio-1.73.0-cp312-cp312-manylinux_2_17_aarch64.whl", hash = "sha256:068ecc415f79408d57a7f146f54cdf9f0acb4b301a52a9e563973dc981e82f3d", size = 5759191 },
    { url = "https://files.pythonhosted.org/packages/88/cc/fef74270a6d29f35ad744bfd8e6c05183f35074ff34c655a2c80f3b422b2/grpcio-1.73.0-cp312-cp312-manylinux_2_17_i686.manylinux2014_i686.whl", hash = "sha256:6ddc1cfb2240f84d35d559ade18f69dcd4257dbaa5ba0de1a565d903aaab2968", size = 6409961 },
    { url = "https://files.pythonhosted.org/packages/b0/e6/13cfea15e3b8f79c4ae7b676cb21fab70978b0fde1e1d28bb0e073291290/grpcio-1.73.0-cp312-cp312-manylinux_2_17_x86_64.manylinux2014_x86_64.whl", hash = "sha256:e53007f70d9783f53b41b4cf38ed39a8e348011437e4c287eee7dd1d39d54b2f", size = 6003948 },
    { url = "https://files.pythonhosted.org/packages/c2/ed/b1a36dad4cc0dbf1f83f6d7b58825fefd5cc9ff3a5036e46091335649473/grpcio-1.73.0-cp312-cp312-musllinux_1_1_aarch64.whl", hash = "sha256:4dd8d8d092efede7d6f48d695ba2592046acd04ccf421436dd7ed52677a9ad29", size = 6103788 },
    { url = "https://files.pythonhosted.org/packages/e7/c8/d381433d3d46d10f6858126d2d2245ef329e30f3752ce4514c93b95ca6fc/grpcio-1.73.0-cp312-cp312-musllinux_1_1_i686.whl", hash = "sha256:70176093d0a95b44d24baa9c034bb67bfe2b6b5f7ebc2836f4093c97010e17fd", size = 6749508 },
    { url = "https://files.pythonhosted.org/packages/87/0a/ff0c31dbd15e63b34320efafac647270aa88c31aa19ff01154a73dc7ce86/grpcio-1.73.0-cp312-cp312-musllinux_1_1_x86_64.whl", hash = "sha256:085ebe876373ca095e24ced95c8f440495ed0b574c491f7f4f714ff794bbcd10", size = 6284342 },
    { url = "https://files.pythonhosted.org/packages/fd/73/f762430c0ba867403b9d6e463afe026bf019bd9206eee753785239719273/grpcio-1.73.0-cp312-cp312-win32.whl", hash = "sha256:cfc556c1d6aef02c727ec7d0016827a73bfe67193e47c546f7cadd3ee6bf1a60", size = 3669319 },
    { url = "https://files.pythonhosted.org/packages/10/8b/3411609376b2830449cf416f457ad9d2aacb7f562e1b90fdd8bdedf26d63/grpcio-1.73.0-cp312-cp312-win_amd64.whl", hash = "sha256:bbf45d59d090bf69f1e4e1594832aaf40aa84b31659af3c5e2c3f6a35202791a", size = 4335596 },
    { url = "https://files.pythonhosted.org/packages/60/da/6f3f7a78e5455c4cbe87c85063cc6da05d65d25264f9d4aed800ece46294/grpcio-1.73.0-cp313-cp313-linux_armv7l.whl", hash = "sha256:da1d677018ef423202aca6d73a8d3b2cb245699eb7f50eb5f74cae15a8e1f724", size = 5335867 },
    { url = "https://files.pythonhosted.org/packages/53/14/7d1f2526b98b9658d7be0bb163fd78d681587de6709d8b0c74b4b481b013/grpcio-1.73.0-cp313-cp313-macosx_11_0_universal2.whl", hash = "sha256:36bf93f6a657f37c131d9dd2c391b867abf1426a86727c3575393e9e11dadb0d", size = 10595587 },
    { url = "https://files.pythonhosted.org/packages/02/24/a293c398ae44e741da1ed4b29638edbb002258797b07a783f65506165b4c/grpcio-1.73.0-cp313-cp313-manylinux_2_17_aarch64.whl", hash = "sha256:d84000367508ade791d90c2bafbd905574b5ced8056397027a77a215d601ba15", size = 5765793 },
    { url = "https://files.pythonhosted.org/packages/e1/24/d84dbd0b5bf36fb44922798d525a85cefa2ffee7b7110e61406e9750ed15/grpcio-1.73.0-cp313-cp313-manylinux_2_17_i686.manylinux2014_i686.whl", hash = "sha256:c98ba1d928a178ce33f3425ff823318040a2b7ef875d30a0073565e5ceb058d9", size = 6415494 },
    { url = "https://files.pythonhosted.org/packages/5e/85/c80dc65aed8e9dce3d54688864bac45331d9c7600985541f18bd5cb301d4/grpcio-1.73.0-cp313-cp313-manylinux_2_17_x86_64.manylinux2014_x86_64.whl", hash = "sha256:a73c72922dfd30b396a5f25bb3a4590195ee45ecde7ee068acb0892d2900cf07", size = 6007279 },
    { url = "https://files.pythonhosted.org/packages/37/fc/207c00a4c6fa303d26e2cbd62fbdb0582facdfd08f55500fd83bf6b0f8db/grpcio-1.73.0-cp313-cp313-musllinux_1_1_aarch64.whl", hash = "sha256:10e8edc035724aba0346a432060fd192b42bd03675d083c01553cab071a28da5", size = 6105505 },
    { url = "https://files.pythonhosted.org/packages/72/35/8fe69af820667b87ebfcb24214e42a1d53da53cb39edd6b4f84f6b36da86/grpcio-1.73.0-cp313-cp313-musllinux_1_1_i686.whl", hash = "sha256:f5cdc332b503c33b1643b12ea933582c7b081957c8bc2ea4cc4bc58054a09288", size = 6753792 },
    { url = "https://files.pythonhosted.org/packages/e2/d8/738c77c1e821e350da4a048849f695ff88a02b291f8c69db23908867aea6/grpcio-1.73.0-cp313-cp313-musllinux_1_1_x86_64.whl", hash = "sha256:07ad7c57233c2109e4ac999cb9c2710c3b8e3f491a73b058b0ce431f31ed8145", size = 6287593 },
    { url = "https://files.pythonhosted.org/packages/09/ec/8498eabc018fa39ae8efe5e47e3f4c1bc9ed6281056713871895dc998807/grpcio-1.73.0-cp313-cp313-win32.whl", hash = "sha256:0eb5df4f41ea10bda99a802b2a292d85be28958ede2a50f2beb8c7fc9a738419", size = 3668637 },
    { url = "https://files.pythonhosted.org/packages/d7/35/347db7d2e7674b621afd21b12022e7f48c7b0861b5577134b4e939536141/grpcio-1.73.0-cp313-cp313-win_amd64.whl", hash = "sha256:38cf518cc54cd0c47c9539cefa8888549fcc067db0b0c66a46535ca8032020c4", size = 4335872 },
]

[[package]]
name = "grpcio-tools"
version = "1.71.0"
source = { registry = "https://pypi.org/simple" }
dependencies = [
    { name = "grpcio" },
    { name = "protobuf" },
    { name = "setuptools" },
]
sdist = { url = "https://files.pythonhosted.org/packages/05/d2/c0866a48c355a6a4daa1f7e27e210c7fa561b1f3b7c0bce2671e89cfa31e/grpcio_tools-1.71.0.tar.gz", hash = "sha256:38dba8e0d5e0fb23a034e09644fdc6ed862be2371887eee54901999e8f6792a8", size = 5326008 }
wheels = [
    { url = "https://files.pythonhosted.org/packages/5d/ec/73b9797ffec80e1faf039ce3e2f0513e26e1a68eedc525ed294ae2a44d03/grpcio_tools-1.71.0-cp311-cp311-linux_armv7l.whl", hash = "sha256:1f19b16b49afa5d21473f49c0966dd430c88d089cd52ac02404d8cef67134efb", size = 2385557 },
    { url = "https://files.pythonhosted.org/packages/bf/87/42c6e192b7b09c9610a53e771797f7826aee4f6e769683985ae406a2d862/grpcio_tools-1.71.0-cp311-cp311-macosx_10_14_universal2.whl", hash = "sha256:459c8f5e00e390aecd5b89de67deb3ec7188a274bc6cb50e43cef35ab3a3f45d", size = 5954404 },
    { url = "https://files.pythonhosted.org/packages/25/30/3fd385a56d32dce34cde09a64dbaf7cf85d395f2bcd86dd41e4b4ee5938f/grpcio_tools-1.71.0-cp311-cp311-manylinux_2_17_aarch64.whl", hash = "sha256:edab7e6518de01196be37f96cb1e138c3819986bf5e2a6c9e1519b4d716b2f5a", size = 2352061 },
    { url = "https://files.pythonhosted.org/packages/87/eb/e9971c7693a2d85e7f55760f7906211a95ff74af4d41b05d187849d7fb58/grpcio_tools-1.71.0-cp311-cp311-manylinux_2_17_i686.manylinux2014_i686.whl", hash = "sha256:8b93b9f6adc7491d4c10144c0643409db298e5e63c997106a804f6f0248dbaf4", size = 2745033 },
    { url = "https://files.pythonhosted.org/packages/15/72/4e69beae87a1b334f80da9e93c8e2f5c8fe4860c956a781246a092dc4c97/grpcio_tools-1.71.0-cp311-cp311-manylinux_2_17_x86_64.manylinux2014_x86_64.whl", hash = "sha256:6ae5f2efa9e644c10bf1021600bfc099dfbd8e02b184d2d25dc31fcd6c2bc59e", size = 2476743 },
    { url = "https://files.pythonhosted.org/packages/b5/f3/336d2c83f1bfc00a5376bf20dd2273d7aa891b03dd91b11c71ca47392351/grpcio_tools-1.71.0-cp311-cp311-musllinux_1_1_aarch64.whl", hash = "sha256:65aa082f4435571d65d5ce07fc444f23c3eff4f3e34abef599ef8c9e1f6f360f", size = 2853693 },
    { url = "https://files.pythonhosted.org/packages/62/ba/cc7ace518c11501a4b8620df5edb8188e81470e5b82dc6829212f3e9b2ff/grpcio_tools-1.71.0-cp311-cp311-musllinux_1_1_i686.whl", hash = "sha256:1331e726e08b7bdcbf2075fcf4b47dff07842b04845e6e220a08a4663e232d7f", size = 3304474 },
    { url = "https://files.pythonhosted.org/packages/00/0d/4b843654af3d5aa2f1a5775df1d583e6e3471e6d569106fd3213ad185a98/grpcio_tools-1.71.0-cp311-cp311-musllinux_1_1_x86_64.whl", hash = "sha256:6693a7d3ba138b0e693b3d1f687cdd9db9e68976c3fa2b951c17a072fea8b583", size = 2916147 },
    { url = "https://files.pythonhosted.org/packages/e4/14/047e1c817422bc3d434247b9c640c51fd51ca4e047583ff31d927c3dea73/grpcio_tools-1.71.0-cp311-cp311-win32.whl", hash = "sha256:6d11ed3ff7b6023b5c72a8654975324bb98c1092426ba5b481af406ff559df00", size = 949374 },
    { url = "https://files.pythonhosted.org/packages/86/cb/739a1b6d517672693796022c0f9061f63eaa243ec70cbbfa59bf881ed9fb/grpcio_tools-1.71.0-cp311-cp311-win_amd64.whl", hash = "sha256:072b2a5805ac97e4623b3aa8f7818275f3fb087f4aa131b0fce00471065f6eaa", size = 1120786 },
    { url = "https://files.pythonhosted.org/packages/de/e4/156956b92ad0298290c3d68e6670bc5a6fbefcccfe1ec3997480605e7135/grpcio_tools-1.71.0-cp312-cp312-linux_armv7l.whl", hash = "sha256:61c0409d5bdac57a7bd0ce0ab01c1c916728fe4c8a03d77a25135ad481eb505c", size = 2385480 },
    { url = "https://files.pythonhosted.org/packages/c1/08/9930eb4bb38c5214041c9f24f8b35e9864a7938282db986836546c782d52/grpcio_tools-1.71.0-cp312-cp312-macosx_10_14_universal2.whl", hash = "sha256:28784f39921d061d2164a9dcda5164a69d07bf29f91f0ea50b505958292312c9", size = 5951891 },
    { url = "https://files.pythonhosted.org/packages/73/65/931f29ec9c33719d48e1e30446ecce6f5d2cd4e4934fa73fbe07de41c43b/grpcio_tools-1.71.0-cp312-cp312-manylinux_2_17_aarch64.whl", hash = "sha256:192808cf553cedca73f0479cc61d5684ad61f24db7a5f3c4dfe1500342425866", size = 2351967 },
    { url = "https://files.pythonhosted.org/packages/b8/26/2ec8748534406214f20a4809c36efcfa88d1a26246e8312102e3ef8c295d/grpcio_tools-1.71.0-cp312-cp312-manylinux_2_17_i686.manylinux2014_i686.whl", hash = "sha256:989ee9da61098230d3d4c8f8f8e27c2de796f1ff21b1c90110e636d9acd9432b", size = 2745003 },
    { url = "https://files.pythonhosted.org/packages/f1/33/87b4610c86a4e10ee446b543a4d536f94ab04f828bab841f0bc1a083de72/grpcio_tools-1.71.0-cp312-cp312-manylinux_2_17_x86_64.manylinux2014_x86_64.whl", hash = "sha256:541a756276c8a55dec991f6c0106ae20c8c8f5ce8d0bdbfcb01e2338d1a8192b", size = 2476455 },
    { url = "https://files.pythonhosted.org/packages/00/7c/f7f0cc36a43be9d45b3ce2a55245f3c7d063a24b7930dd719929e58871a4/grpcio_tools-1.71.0-cp312-cp312-musllinux_1_1_aarch64.whl", hash = "sha256:870c0097700d13c403e5517cb7750ab5b4a791ce3e71791c411a38c5468b64bd", size = 2854333 },
    { url = "https://files.pythonhosted.org/packages/07/c4/34b9ea62b173c13fa7accba5f219355b320c05c80c79c3ba70fe52f47b2f/grpcio_tools-1.71.0-cp312-cp312-musllinux_1_1_i686.whl", hash = "sha256:abd57f615e88bf93c3c6fd31f923106e3beb12f8cd2df95b0d256fa07a7a0a57", size = 3304297 },
    { url = "https://files.pythonhosted.org/packages/5c/ef/9d3449db8a07688dc3de7dcbd2a07048a128610b1a491c5c0cb3e90a00c5/grpcio_tools-1.71.0-cp312-cp312-musllinux_1_1_x86_64.whl", hash = "sha256:753270e2d06d37e6d7af8967d1d059ec635ad215882041a36294f4e2fd502b2e", size = 2916212 },
    { url = "https://files.pythonhosted.org/packages/2e/c6/990e8194c934dfe7cf89ef307c319fa4f2bc0b78aeca707addbfa1e502f1/grpcio_tools-1.71.0-cp312-cp312-win32.whl", hash = "sha256:0e647794bd7138b8c215e86277a9711a95cf6a03ff6f9e555d54fdf7378b9f9d", size = 948849 },
    { url = "https://files.pythonhosted.org/packages/42/95/3c36d3205e6bd19853cc2420e44b6ef302eb4cfcf56498973c7e85f6c03b/grpcio_tools-1.71.0-cp312-cp312-win_amd64.whl", hash = "sha256:48debc879570972d28bfe98e4970eff25bb26da3f383e0e49829b2d2cd35ad87", size = 1120294 },
    { url = "https://files.pythonhosted.org/packages/84/a7/70dc7e9957bcbaccd4dcb6cc11215e0b918f546d55599221522fe0d073e0/grpcio_tools-1.71.0-cp313-cp313-linux_armv7l.whl", hash = "sha256:9a78d07d6c301a25ef5ede962920a522556a1dfee1ccc05795994ceb867f766c", size = 2384758 },
    { url = "https://files.pythonhosted.org/packages/65/79/57320b28d0a0c5ec94095fd571a65292f8ed7e1c47e59ae4021e8a48d49b/grpcio_tools-1.71.0-cp313-cp313-macosx_10_14_universal2.whl", hash = "sha256:580ac88141c9815557e63c9c04f5b1cdb19b4db8d0cb792b573354bde1ee8b12", size = 5951661 },
    { url = "https://files.pythonhosted.org/packages/80/3d/343df5ed7c5dd66fc7a19e4ef3e97ccc4f5d802122b04cd6492f0dcd79f5/grpcio_tools-1.71.0-cp313-cp313-manylinux_2_17_aarch64.whl", hash = "sha256:f7c678e68ece0ae908ecae1c4314a0c2c7f83e26e281738b9609860cc2c82d96", size = 2351571 },
    { url = "https://files.pythonhosted.org/packages/56/2f/b9736e8c84e880c4237f5b880c6c799b4977c5cde190999bc7ab4b2ec445/grpcio_tools-1.71.0-cp313-cp313-manylinux_2_17_i686.manylinux2014_i686.whl", hash = "sha256:56ecd6cc89b5e5eed1de5eb9cafce86c9c9043ee3840888cc464d16200290b53", size = 2744580 },
    { url = "https://files.pythonhosted.org/packages/76/9b/bdb384967353da7bf64bac4232f4cf8ae43f19d0f2f640978d4d4197e667/grpcio_tools-1.71.0-cp313-cp313-manylinux_2_17_x86_64.manylinux2014_x86_64.whl", hash = "sha256:e52a041afc20ab2431d756b6295d727bd7adee813b21b06a3483f4a7a15ea15f", size = 2475978 },
    { url = "https://files.pythonhosted.org/packages/26/71/1411487fd7862d347b98fda5e3beef611a71b2ac2faac62a965d9e2536b3/grpcio_tools-1.71.0-cp313-cp313-musllinux_1_1_aarch64.whl", hash = "sha256:2a1712f12102b60c8d92779b89d0504e0d6f3a59f2b933e5622b8583f5c02992", size = 2853314 },
    { url = "https://files.pythonhosted.org/packages/03/06/59d0523eb1ba2f64edc72cb150152fa1b2e77061cae3ef3ecd3ef2a87f51/grpcio_tools-1.71.0-cp313-cp313-musllinux_1_1_i686.whl", hash = "sha256:41878cb7a75477e62fdd45e7e9155b3af1b7a5332844021e2511deaf99ac9e6c", size = 3303981 },
    { url = "https://files.pythonhosted.org/packages/c2/71/fb9fb49f2b738ec1dfbbc8cdce0b26e5f9c5fc0edef72e453580620d6a36/grpcio_tools-1.71.0-cp313-cp313-musllinux_1_1_x86_64.whl", hash = "sha256:682e958b476049ccc14c71bedf3f979bced01f6e0c04852efc5887841a32ad6b", size = 2915876 },
    { url = "https://files.pythonhosted.org/packages/bd/0f/0d49f6fe6fa2d09e9820dd9eeb30437e86002303076be2b6ada0fb52b8f2/grpcio_tools-1.71.0-cp313-cp313-win32.whl", hash = "sha256:0ccfb837152b7b858b9f26bb110b3ae8c46675d56130f6c2f03605c4f129be13", size = 948245 },
    { url = "https://files.pythonhosted.org/packages/bb/14/ab131a39187bfea950280b2277a82d2033469fe8c86f73b10b19f53cc5ca/grpcio_tools-1.71.0-cp313-cp313-win_amd64.whl", hash = "sha256:ffff9bc5eacb34dd26b487194f7d44a3e64e752fc2cf049d798021bf25053b87", size = 1119649 },
]

[[package]]
name = "misc-go-grpc-chat"
version = "0.1.0"
source = { editable = "." }
dependencies = [
    { name = "grpcio" },
    { name = "grpcio-tools" },
    { name = "prompt-toolkit" },
    { name = "protoletariat" },
]

[package.metadata]
requires-dist = [
    { name = "grpcio", specifier = ">=1.73.0" },
    { name = "grpcio-tools", specifier = ">=1.71.0" },
    { name = "prompt-toolkit", specifier = ">=3.0" },
    { name = "protoletariat", specifier = ">=3.3.10" },
]

[[package]]
name = "prompt-toolkit"
version = "3.0.51"
source = { registry = "https://pypi.org/simple" }
dependencies = [
    { name = "wcwidth" },
]
sdist = { url = "https://files.pythonhosted.org/packages/bb/6e/9d084c929dfe9e3bfe0c6a47e31f78a25c54627d64a66e884a8bf5474f1c/prompt_toolkit-3.0.51.tar.gz", hash = "sha256:931a162e3b27fc90c86f1b48bb1fb2c528c2761475e57c9c06de13311c7b54ed", size = 428940 }
wheels = [
    { url = "https://files.pythonhosted.org/packages/ce/4f/5249960887b1fbe561d9ff265496d170b55a735b76724f10ef19f9e40716/prompt_toolkit-3.0.51-py3-none-any.whl", hash = "sha256:52742911fde84e2d423e2f9a4cf1de7d7ac4e51958f648d9540e0fb8db077b07", size = 387810 },
]

[[package]]
name = "protobuf"
version = "5.29.5"
source = { registry = "https://pypi.org/simple" }
sdist = { url = "https://files.pythonhosted.org/packages/43/29/d09e70352e4e88c9c7a198d5645d7277811448d76c23b00345670f7c8a38/protobuf-5.29.5.tar.gz", hash = "sha256:bc1463bafd4b0929216c35f437a8e28731a2b7fe3d98bb77a600efced5a15c84", size = 425226 }
wheels = [
    { url = "https://files.pythonhosted.org/packages/5f/11/6e40e9fc5bba02988a214c07cf324595789ca7820160bfd1f8be96e48539/protobuf-5.29.5-cp310-abi3-win32.whl", hash = "sha256:3f1c6468a2cfd102ff4703976138844f78ebd1fb45f49011afc5139e9e283079", size = 422963 },
    { url = "https://files.pythonhosted.org/packages/81/7f/73cefb093e1a2a7c3ffd839e6f9fcafb7a427d300c7f8aef9c64405d8ac6/protobuf-5.29.5-cp310-abi3-win_amd64.whl", hash = "sha256:3f76e3a3675b4a4d867b52e4a5f5b78a2ef9565549d4037e06cf7b0942b1d3fc", size = 434818 },
    { url = "https://files.pythonhosted.org/packages/dd/73/10e1661c21f139f2c6ad9b23040ff36fee624310dc28fba20d33fdae124c/protobuf-5.29.5-cp38-abi3-macosx_10_9_universal2.whl", hash = "sha256:e38c5add5a311f2a6eb0340716ef9b039c1dfa428b28f25a7838ac329204a671", size = 418091 },
    { url = "https://files.pythonhosted.org/packages/6c/04/98f6f8cf5b07ab1294c13f34b4e69b3722bb609c5b701d6c169828f9f8aa/protobuf-5.29.5-cp38-abi3-manylinux2014_aarch64.whl", hash = "sha256:fa18533a299d7ab6c55a238bf8629311439995f2e7eca5caaff08663606e9015", size = 319824 },
    { url = "https://files.pythonhosted.org/packages/85/e4/07c80521879c2d15f321465ac24c70efe2381378c00bf5e56a0f4fbac8cd/protobuf-5.29.5-cp38-abi3-manylinux2014_x86_64.whl", hash = "sha256:63848923da3325e1bf7e9003d680ce6e14b07e55d0473253a690c3a8b8fd6e61", size = 319942 },
    { url = "https://files.pythonhosted.org/packages/7e/cc/7e77861000a0691aeea8f4566e5d3aa716f2b1dece4a24439437e41d3d25/protobuf-5.29.5-py3-none-any.whl", hash = "sha256:6cf42630262c59b2d8de33954443d94b746c952b01434fc58a417fdbd2e84bd5", size = 172823 },
]

[[package]]
name = "protoletariat"
version = "3.3.10"
source = { registry = "https://pypi.org/simple" }
dependencies = [
    { name = "click" },
    { name = "protobuf" },
]
sdist = { url = "https://files.pythonhosted.org/packages/36/60/31c8dac4e060bce3f102195409128838fc5830e4e589f7962eb7531b4a27/protoletariat-3.3.10.tar.gz", hash = "sha256:bfa0e663fe4c9e3584101779b8b9f5a77b8af623aa25f680e0559b7d2609039b", size = 20694 }
wheels = [
    { url = "https://files.pythonhosted.org/packages/30/6b/d8b8fb09a31f85685d41f63d0d4a807c14aca175c71e17bebcfbf5dc768a/protoletariat-3.3.10-py3-none-any.whl", hash = "sha256:4b0ab790a1791613d9ef1c4159e03424a7f056592ca66578ba585ae96686ee2d", size = 20736 },
]

[[package]]
name = "setuptools"
version = "80.9.0"
source = { registry = "https://pypi.org/simple" }
sdist = { url = "https://files.pythonhosted.org/packages/18/5d/3bf57dcd21979b887f014ea83c24ae194cfcd12b9e0fda66b957c69d1fca/setuptools-80.9.0.tar.gz", hash = "sha256:f36b47402ecde768dbfafc46e8e4207b4360c654f1f3bb84475f0a28628fb19c", size = 1319958 }
wheels = [
    { url = "https://files.pythonhosted.org/packages/a3/dc/17031897dae0efacfea57dfd3a82fdd2a2aeb58e0ff71b77b87e44edc772/setuptools-80.9.0-py3-none-any.whl", hash = "sha256:062d34222ad13e0cc312a4c02d73f059e86a4acbfbdea8f8f76b28c99f306922", size = 1201486 },
]

[[package]]
name = "wcwidth"
version = "0.2.13"
source = { registry = "https://pypi.org/simple" }
sdist = { url = "https://files.pythonhosted.org/packages/6c/63/53559446a878410fc5a5974feb13d31d78d752eb18aeba59c7fef1af7598/wcwidth-0.2.13.tar.gz", hash = "sha256:72ea0c06399eb286d978fdedb6923a9eb47e1c486ce63e9b4e64fc18303972b5", size = 101301 }
wheels = [
    { url = "https://files.pythonhosted.org/packages/fd/84/fd2ba7aafacbad3c4201d395674fc6348826569da3c0937e75505ead3528/wcwidth-0.2.13-py2.py3-none-any.whl", hash = "sha256:3da69048e4540d84af32131829ff948f1e022c1c6bdb8d6102117aac784f6859", size = 34166 },
]
